{
  "name": "VAAS",
  "version": "0.0.1",
  "lockfileVersion": 1,
  "dependencies": {
    "add-dom-event-listener": {
      "version": "1.0.2",
      "resolved": "http://registry.npm.taobao.org/add-dom-event-listener/download/add-dom-event-listener-1.0.2.tgz",
      "integrity": "sha1-j67SxBAIchzxEdodMNmVuFvkK+0="
    },
    "amdefine": {
      "version": "1.0.1",
      "resolved": "http://registry.npm.taobao.org/amdefine/download/amdefine-1.0.1.tgz",
      "integrity": "sha1-SlKCrBZHKek2Gbz9OtFR+BfOkfU=",
      "dev": true
    },
    "antd": {
      "version": "2.12.5",
      "resolved": "http://registry.npm.taobao.org/antd/download/antd-2.12.5.tgz",
      "integrity": "sha1-MwJqNvE9wb7Bvu6IJn3BdyEQw4E="
    },
    "array-tree-filter": {
      "version": "1.0.1",
      "resolved": "http://registry.npm.taobao.org/array-tree-filter/download/array-tree-filter-1.0.1.tgz",
      "integrity": "sha1-CorR7v04zoiFhjL5zAQj12NOTV0="
    },
    "asap": {
      "version": "2.0.6",
      "resolved": "http://registry.npm.taobao.org/asap/download/asap-2.0.6.tgz",
      "integrity": "sha1-5QNHYR1+aQlDIIu9r+vLwvuGbUY="
    },
    "async-validator": {
      "version": "1.7.1",
      "resolved": "http://registry.npm.taobao.org/async-validator/download/async-validator-1.7.1.tgz",
      "integrity": "sha1-idPXo4TKXQXg8Hv1F1TVkeLP7GE="
    },
    "babel-code-frame": {
      "version": "6.22.0",
      "resolved": "http://registry.npm.taobao.org/babel-code-frame/download/babel-code-frame-6.22.0.tgz",
      "integrity": "sha1-AnYgvuVnqIwyVhV05/0IAdMxGOQ=",
      "dev": true,
      "dependencies": {
        "chalk": {
          "version": "1.1.3",
          "resolved": "http://registry.npm.taobao.org/chalk/download/chalk-1.1.3.tgz",
          "integrity": "sha1-qBFcVeSnAv5NFQq9OHKCKn4J/Jg=",
          "dev": true
        }
      }
    },
    "babel-messages": {
      "version": "6.23.0",
      "resolved": "http://registry.npm.taobao.org/babel-messages/download/babel-messages-6.23.0.tgz",
      "integrity": "sha1-8830cDhYA1sqKVHG7F7fbGLyYw4=",
      "dev": true
    },
    "babel-runtime": {
      "version": "6.23.0",
      "resolved": "http://registry.npm.taobao.org/babel-runtime/download/babel-runtime-6.23.0.tgz",
      "integrity": "sha1-CpSJ8UTecO+zzkMArM2zKeL8VDs=",
      "dependencies": {
        "core-js": {
          "version": "2.4.1",
          "resolved": "http://registry.npm.taobao.org/core-js/download/core-js-2.4.1.tgz",
          "integrity": "sha1-TekR5mew6ukSTjQlS1OupvxhjT4="
        }
      }
    },
    "babel-template": {
      "version": "6.25.0",
      "resolved": "http://registry.npm.taobao.org/babel-template/download/babel-template-6.25.0.tgz",
      "integrity": "sha1-ZlJBFmt8KqTGGdceGSlpVSsQwHE=",
      "dev": true
    },
    "babel-traverse": {
      "version": "6.25.0",
      "resolved": "http://registry.npm.taobao.org/babel-traverse/download/babel-traverse-6.25.0.tgz",
      "integrity": "sha1-IldJfi/NGbie3BPEyROB+VEklvE=",
      "dev": true
    },
    "babel-types": {
      "version": "6.25.0",
      "resolved": "http://registry.npm.taobao.org/babel-types/download/babel-types-6.25.0.tgz",
      "integrity": "sha1-cK+ySNVmDl0Y+BHZHIMDtUE0oY4=",
      "dev": true
    },
    "babylon": {
      "version": "6.17.4",
      "resolved": "http://registry.npm.taobao.org/babylon/download/babylon-6.17.4.tgz",
      "integrity": "sha1-Pot0AriNIsNCPhN6FXeIOxX/hpo=",
      "dev": true
    },
    "can-use-dom": {
      "version": "0.1.0",
      "resolved": "http://registry.npm.taobao.org/can-use-dom/download/can-use-dom-0.1.0.tgz",
      "integrity": "sha1-IsxKNKCrxDlQ9CxkEQJKP2NmtFo="
    },
    "classnames": {
      "version": "2.2.5",
      "resolved": "http://registry.npm.taobao.org/classnames/download/classnames-2.2.5.tgz",
      "integrity": "sha1-+zgB1FNGdknvNgPH1hoCvRKb3m0="
    },
    "component-classes": {
      "version": "1.2.6",
      "resolved": "http://registry.npm.taobao.org/component-classes/download/component-classes-1.2.6.tgz",
      "integrity": "sha1-xkI5TDYYpNiwuJGe/Mu9kw5c1pE="
    },
    "component-indexof": {
      "version": "0.0.3",
      "resolved": "http://registry.npm.taobao.org/component-indexof/download/component-indexof-0.0.3.tgz",
      "integrity": "sha1-EdCRMSI5648yyPJa6csAL/6NPCQ="
    },
    "core-js": {
      "version": "1.2.7",
      "resolved": "http://registry.npm.taobao.org/core-js/download/core-js-1.2.7.tgz",
      "integrity": "sha1-ZSKUwUZR2yj6k70tX/KYOk8IxjY="
    },
    "create-react-class": {
      "version": "15.6.0",
      "resolved": "http://registry.npm.taobao.org/create-react-class/download/create-react-class-15.6.0.tgz",
      "integrity": "sha1-q0SEl8JlZuHilBPogyB9V8/nvtQ="
    },
    "css-animation": {
      "version": "1.3.2",
      "resolved": "http://registry.npm.taobao.org/css-animation/download/css-animation-1.3.2.tgz",
      "integrity": "sha1-31FYIO9ZA3M60tsJmUA7MDe4uIA="
    },
    "debug": {
      "version": "2.6.8",
      "resolved": "http://registry.npm.taobao.org/debug/download/debug-2.6.8.tgz",
      "integrity": "sha1-5zFTHKLt4n0YgiJCfaF4IdaP9Pw=",
      "dev": true
    },
    "deep-diff": {
      "version": "0.3.8",
      "resolved": "http://registry.npm.taobao.org/deep-diff/download/deep-diff-0.3.8.tgz",
      "integrity": "sha1-wB3mPvsO7JeYgB1Ax+Da4ltYLIQ=",
      "dev": true
    },
    "deep-equal": {
      "version": "1.0.1",
      "resolved": "http://registry.npm.taobao.org/deep-equal/download/deep-equal-1.0.1.tgz",
      "integrity": "sha1-9dJgKStmDghO/0zbyfCK0yR0SLU="
    },
    "dom-align": {
      "version": "1.6.3",
      "resolved": "http://registry.npm.taobao.org/dom-align/download/dom-align-1.6.3.tgz",
      "integrity": "sha1-MBe8yH8CVHsfFbRYZJqNlKcfWQM="
    },
    "dom-closest": {
      "version": "0.2.0",
      "resolved": "http://registry.npm.taobao.org/dom-closest/download/dom-closest-0.2.0.tgz",
      "integrity": "sha1-69n5HRvyLo1vR3h2u80+yQIWwM8="
    },
    "dom-matches": {
      "version": "2.0.0",
      "resolved": "http://registry.npm.taobao.org/dom-matches/download/dom-matches-2.0.0.tgz",
      "integrity": "sha1-0nKLQWqHUzmA6wibhI0lPPI6dYw="
    },
    "dom-scroll-into-view": {
      "version": "1.2.1",
      "resolved": "http://registry.npm.taobao.org/dom-scroll-into-view/download/dom-scroll-into-view-1.2.1.tgz",
      "integrity": "sha1-6PNnMt0ImwIBqI14Fdw/iObWbH4="
    },
    "dom-walk": {
      "version": "0.1.1",
      "resolved": "http://registry.npm.taobao.org/dom-walk/download/dom-walk-0.1.1.tgz",
      "integrity": "sha1-ZyIm3HTI95mtNTB9+TaroRrNYBg=",
      "dev": true
    },
    "draft-js": {
      "version": "0.10.1",
      "resolved": "http://registry.npm.taobao.org/draft-js/download/draft-js-0.10.1.tgz",
      "integrity": "sha1-bxIZ2AlXKWkUKcpv16WNKovly2c=",
      "dependencies": {
        "immutable": {
          "version": "3.7.6",
          "resolved": "http://registry.npm.taobao.org/immutable/download/immutable-3.7.6.tgz",
          "integrity": "sha1-E7TTyxK++hVIKib+Gy665kAHHks="
        }
      }
    },
    "encoding": {
      "version": "0.1.12",
      "resolved": "http://registry.npm.taobao.org/encoding/download/encoding-0.1.12.tgz",
      "integrity": "sha1-U4tm8+5izRq1HsMjgp0flIDHS+s="
    },
    "enquire.js": {
      "version": "2.1.6",
      "resolved": "http://registry.npm.taobao.org/enquire.js/download/enquire.js-2.1.6.tgz",
      "integrity": "sha1-PoeAybi4NQhMP2DhZtvDwqPImBQ="
    },
    "error-stack-parser": {
      "version": "1.3.6",
      "resolved": "http://registry.npm.taobao.org/error-stack-parser/download/error-stack-parser-1.3.6.tgz",
      "integrity": "sha1-4Oc7k+QXE40c18C3RrGkoUhUwpI=",
      "dev": true
    },
    "es6-error": {
      "version": "4.0.2",
      "resolved": "http://registry.npm.taobao.org/es6-error/download/es6-error-4.0.2.tgz",
      "integrity": "sha1-7sXHJurO9Rt/a3PCDbbhsTsGnJg="
    },
    "esutils": {
      "version": "2.0.2",
      "resolved": "http://registry.npm.taobao.org/esutils/download/esutils-2.0.2.tgz",
      "integrity": "sha1-Cr9PHKpbyx96nYrMbepPqqBLrJs=",
      "dev": true
    },
    "eventlistener": {
      "version": "0.0.1",
      "resolved": "http://registry.npm.taobao.org/eventlistener/download/eventlistener-0.0.1.tgz",
      "integrity": "sha1-7Suqu4UiJ68rz4iRUscsY8pTLrg="
    },
    "exenv": {
      "version": "1.2.2",
      "resolved": "http://registry.npm.taobao.org/exenv/download/exenv-1.2.2.tgz",
      "integrity": "sha1-KueOhdmJQVhnCwPUe+wfA72Ru50="
    },
    "fbjs": {
      "version": "0.8.12",
      "resolved": "http://registry.npm.taobao.org/fbjs/download/fbjs-0.8.12.tgz",
      "integrity": "sha1-ELXZL3bUVXX9Y6IX1OoCvqL47QQ="
    },
    "flux-standard-action": {
      "version": "0.6.1",
      "resolved": "http://registry.npm.taobao.org/flux-standard-action/download/flux-standard-action-0.6.1.tgz",
      "integrity": "sha1-bzQhG5SDTqHDzDD056+tPQ+/caI="
    },
    "global": {
      "version": "4.3.2",
      "resolved": "http://registry.npm.taobao.org/global/download/global-4.3.2.tgz",
      "integrity": "sha1-52mJJopsdMOJCLEwWxD8DjlOnQ8=",
      "dev": true
    },
    "globals": {
      "version": "9.18.0",
      "resolved": "http://registry.npm.taobao.org/globals/download/globals-9.18.0.tgz",
      "integrity": "sha1-qjiWs+abSH8X4x7SFD1pqOMMLYo=",
      "dev": true
    },
    "hammerjs": {
      "version": "2.0.8",
      "resolved": "http://registry.npm.taobao.org/hammerjs/download/hammerjs-2.0.8.tgz",
      "integrity": "sha1-BO93hiz/K7edMPdpIJWTAiK/YPE="
    },
    "history": {
      "version": "4.6.3",
      "resolved": "http://registry.npm.taobao.org/history/download/history-4.6.3.tgz",
      "integrity": "sha1-bXI6hxLFgda+836MJvSu3G64aWc="
    },
    "hoist-non-react-statics": {
      "version": "1.2.0",
      "resolved": "http://registry.npm.taobao.org/hoist-non-react-statics/download/hoist-non-react-statics-1.2.0.tgz",
      "integrity": "sha1-qkSM8JhtVcxAdzsXF0t90GbLfPs="
    },
    "iconv-lite": {
      "version": "0.4.18",
      "resolved": "http://registry.npm.taobao.org/iconv-lite/download/iconv-lite-0.4.18.tgz",
      "integrity": "sha1-I9hlaxaq5nQqwpcy6o8DNqR4nPI="
    },
    "immutable": {
      "version": "3.8.1",
      "resolved": "http://registry.npm.taobao.org/immutable/download/immutable-3.8.1.tgz",
      "integrity": "sha1-IAgH8Rqw9ycQ6khVQt4IgHX2jNI="
    },
    "import-inspector": {
      "version": "2.0.0",
      "resolved": "http://registry.npm.taobao.org/import-inspector/download/import-inspector-2.0.0.tgz",
      "integrity": "sha1-znX9tqJ30oAO/+CX4ilbyGkLKSM="
    },
    "invariant": {
      "version": "2.2.2",
      "resolved": "http://registry.npm.taobao.org/invariant/download/invariant-2.2.2.tgz",
      "integrity": "sha1-nh9WrArNtr8wMwbzOL47IErmA2A="
    },
    "is-promise": {
      "version": "2.1.0",
      "resolved": "http://registry.npm.taobao.org/is-promise/download/is-promise-2.1.0.tgz",
      "integrity": "sha1-eaKp7OfwlugPNtKy87wWwf9L8/o="
    },
    "is-stream": {
      "version": "1.1.0",
      "resolved": "http://registry.npm.taobao.org/is-stream/download/is-stream-1.1.0.tgz",
      "integrity": "sha1-EtSj3U5o4Lec6428hBc66A2RykQ="
    },
    "is-webpack-bundle": {
      "version": "1.0.0",
      "resolved": "http://registry.npm.taobao.org/is-webpack-bundle/download/is-webpack-bundle-1.0.0.tgz",
      "integrity": "sha1-V2pQu3xT0dalwWR5Ock64su5Duo="
    },
    "isarray": {
      "version": "0.0.1",
      "resolved": "http://registry.npm.taobao.org/isarray/download/isarray-0.0.1.tgz",
      "integrity": "sha1-ihis/Kmo9Bd+Cav8YDiTmwXR7t8="
    },
    "isomorphic-fetch": {
      "version": "2.2.1",
      "resolved": "http://registry.npm.taobao.org/isomorphic-fetch/download/isomorphic-fetch-2.2.1.tgz",
      "integrity": "sha1-YRrhrPFPXoH3KVB0coGf6XM1WKk="
    },
    "jquery": {
      "version": "3.2.1",
      "resolved": "http://registry.npm.taobao.org/jquery/download/jquery-3.2.1.tgz",
      "integrity": "sha1-XE2d5lKvbNCncBVKYxu6ErAVx4c="
    },
    "js-tokens": {
      "version": "3.0.2",
      "resolved": "http://registry.npm.taobao.org/js-tokens/download/js-tokens-3.0.2.tgz",
      "integrity": "sha1-mGbfOVECEw449/mWvOtlRDIJwls="
    },
    "json2mq": {
      "version": "0.2.0",
      "resolved": "http://registry.npm.taobao.org/json2mq/download/json2mq-0.2.0.tgz",
      "integrity": "sha1-tje9O6nqvhIsg+lyBIOusQ0skEo="
    },
    "lodash": {
      "version": "4.17.4",
      "resolved": "http://registry.npm.taobao.org/lodash/download/lodash-4.17.4.tgz",
      "integrity": "sha1-eCA6TRwyiuHYbcpkYONptX9AVa4="
    },
    "lodash-es": {
      "version": "4.17.4",
      "resolved": "http://registry.npm.taobao.org/lodash-es/download/lodash-es-4.17.4.tgz",
      "integrity": "sha1-3MHXVS4VCgZABzupyzHXDwMpUOc="
    },
    "lodash._basefor": {
      "version": "3.0.3",
      "resolved": "http://registry.npm.taobao.org/lodash._basefor/download/lodash._basefor-3.0.3.tgz",
      "integrity": "sha1-dVC06SGO8J+tJDQ7YSAhx5tMIMI="
    },
    "lodash._getnative": {
      "version": "3.9.1",
      "resolved": "http://registry.npm.taobao.org/lodash._getnative/download/lodash._getnative-3.9.1.tgz",
      "integrity": "sha1-VwvH3t5G1hzc3mh9ZdPuy6o6r/U="
    },
    "lodash.debounce": {
      "version": "4.0.8",
      "resolved": "http://registry.npm.taobao.org/lodash.debounce/download/lodash.debounce-4.0.8.tgz",
      "integrity": "sha1-gteb/zCmfEAF/9XiUVMArZyk168="
    },
    "lodash.get": {
      "version": "4.4.2",
      "resolved": "http://registry.npm.taobao.org/lodash.get/download/lodash.get-4.4.2.tgz",
      "integrity": "sha1-LRd/ZS+jHpObRDjVNBSZ36OCXpk="
    },
    "lodash.isarguments": {
      "version": "3.1.0",
      "resolved": "http://registry.npm.taobao.org/lodash.isarguments/download/lodash.isarguments-3.1.0.tgz",
      "integrity": "sha1-L1c9hcaiQon/AGY7SRwdM4/zRYo="
    },
    "lodash.isarray": {
      "version": "3.0.4",
      "resolved": "http://registry.npm.taobao.org/lodash.isarray/download/lodash.isarray-3.0.4.tgz",
      "integrity": "sha1-eeTriMNqgSKvhvhEqpvNhRtfu1U="
    },
    "lodash.isplainobject": {
      "version": "3.2.0",
      "resolved": "http://registry.npm.taobao.org/lodash.isplainobject/download/lodash.isplainobject-3.2.0.tgz",
      "integrity": "sha1-moI4rhayAEMpYM1zRlEtASP79MU="
    },
    "lodash.keys": {
      "version": "3.1.2",
      "resolved": "http://registry.npm.taobao.org/lodash.keys/download/lodash.keys-3.1.2.tgz",
      "integrity": "sha1-TbwEcrFWvlCgsoaFXRvQsMZWCYo="
    },
    "lodash.keysin": {
      "version": "3.0.8",
      "resolved": "http://registry.npm.taobao.org/lodash.keysin/download/lodash.keysin-3.0.8.tgz",
      "integrity": "sha1-IsRJPrvtsUJ5YqVLRFssinZ/tH8="
    },
    "lodash.throttle": {
      "version": "4.1.1",
      "resolved": "http://registry.npm.taobao.org/lodash.throttle/download/lodash.throttle-4.1.1.tgz",
      "integrity": "sha1-wj6RtxAkKscMN/HhzaknTMOb8vQ="
    },
    "loose-envify": {
      "version": "1.3.1",
      "resolved": "http://registry.npm.taobao.org/loose-envify/download/loose-envify-1.3.1.tgz",
      "integrity": "sha1-0aitM/qc4OcT1l/dCsi3SNR4yEg="
    },
    "min-document": {
      "version": "2.19.0",
      "resolved": "http://registry.npm.taobao.org/min-document/download/min-document-2.19.0.tgz",
      "integrity": "sha1-e9KC4/WELtKVu3SM3Z8f+iyCRoU=",
      "dev": true
    },
    "moment": {
      "version": "2.18.1",
      "resolved": "http://registry.npm.taobao.org/moment/download/moment-2.18.1.tgz",
      "integrity": "sha1-w2GT3Tzhwu7SrbfIAtu8d6gbHA8="
    },
    "ms": {
      "version": "2.0.0",
      "resolved": "http://registry.npm.taobao.org/ms/download/ms-2.0.0.tgz",
      "integrity": "sha1-VgiurfwAvmwpAd9fmGF4jeDVl8g=",
      "dev": true
    },
    "node-fetch": {
      "version": "1.7.1",
      "resolved": "http://registry.npm.taobao.org/node-fetch/download/node-fetch-1.7.1.tgz",
      "integrity": "sha1-iZyz0KPJL5UsR/G4dvTIrqvUANU="
    },
    "object-assign": {
      "version": "4.1.1",
      "resolved": "http://registry.npm.taobao.org/object-assign/download/object-assign-4.1.1.tgz",
      "integrity": "sha1-IQmtx5ZYh8/AXLvUQsrIv7s2CGM="
    },
    "omit.js": {
      "version": "1.0.0",
      "resolved": "http://registry.npm.taobao.org/omit.js/download/omit.js-1.0.0.tgz",
      "integrity": "sha1-4BPLhqdRe5z298+w3bQpclapkog="
    },
    "path-to-regexp": {
      "version": "1.7.0",
      "resolved": "http://registry.npm.taobao.org/path-to-regexp/download/path-to-regexp-1.7.0.tgz",
      "integrity": "sha1-Wf3g9DW62suhA6hOnTvGTpa5k30="
    },
    "process": {
      "version": "0.5.2",
      "resolved": "http://registry.npm.taobao.org/process/download/process-0.5.2.tgz",
      "integrity": "sha1-FjjYqONML0QKkduVq5rrZ3/Bhc8=",
      "dev": true
    },
    "promise": {
      "version": "7.3.1",
      "resolved": "http://registry.npm.taobao.org/promise/download/promise-7.3.1.tgz",
      "integrity": "sha1-BktyYCsY+Q8pGSuLG8QY/9Hr078="
    },
    "prop-types": {
      "version": "15.5.10",
      "resolved": "http://registry.npm.taobao.org/prop-types/download/prop-types-15.5.10.tgz",
      "integrity": "sha1-J5ffwxJhguOpXj37suiT3ddFYVQ="
    },
    "rc-align": {
      "version": "2.3.4",
      "resolved": "http://registry.npm.taobao.org/rc-align/download/rc-align-2.3.4.tgz",
      "integrity": "sha1-2Dvat1YPAULnKj3h1JXatroiUkk="
    },
    "rc-animate": {
      "version": "2.4.1",
      "resolved": "http://registry.npm.taobao.org/rc-animate/download/rc-animate-2.4.1.tgz",
      "integrity": "sha1-3z4PVv4Qav5L9S/0CM7SQcUXiRk="
    },
    "rc-calendar": {
      "version": "9.0.0",
      "resolved": "http://registry.npm.taobao.org/rc-calendar/download/rc-calendar-9.0.0.tgz",
      "integrity": "sha1-n++fcsgF3qSiXTnyTEqqxhhsS6s="
    },
    "rc-cascader": {
      "version": "0.11.4",
      "resolved": "http://registry.npm.taobao.org/rc-cascader/download/rc-cascader-0.11.4.tgz",
      "integrity": "sha1-Rr+TNpp8SpGF0n9f/7NfRTvt4xo="
    },
    "rc-checkbox": {
      "version": "2.0.3",
      "resolved": "http://registry.npm.taobao.org/rc-checkbox/download/rc-checkbox-2.0.3.tgz",
      "integrity": "sha1-Q2qdUIlI4iSYDwU16nOLSBd6jyU="
    },
    "rc-collapse": {
      "version": "1.7.6",
      "resolved": "http://registry.npm.taobao.org/rc-collapse/download/rc-collapse-1.7.6.tgz",
      "integrity": "sha1-ZEM1Etkh91DfYUM+Z1u5VHul72s="
    },
    "rc-dialog": {
      "version": "6.5.10",
      "resolved": "http://registry.npm.taobao.org/rc-dialog/download/rc-dialog-6.5.10.tgz",
      "integrity": "sha1-nuhX0RF6MMj9ZaN/7Z9TE7BGMqM="
    },
    "rc-dropdown": {
      "version": "1.5.0",
      "resolved": "http://registry.npm.taobao.org/rc-dropdown/download/rc-dropdown-1.5.0.tgz",
      "integrity": "sha1-JkjqeLTVZkbvMGl4hz0/qJk7jEg="
    },
    "rc-editor-core": {
      "version": "0.7.8",
      "resolved": "http://registry.npm.taobao.org/rc-editor-core/download/rc-editor-core-0.7.8.tgz",
      "integrity": "sha1-3bgsyDtYcbWgV+ULANF4Zsyd1wc="
    },
    "rc-editor-mention": {
      "version": "0.6.12",
      "resolved": "http://registry.npm.taobao.org/rc-editor-mention/download/rc-editor-mention-0.6.12.tgz",
      "integrity": "sha1-Xfo0jF7ZprDPWMFdK3NBv98ronY="
    },
    "rc-form": {
      "version": "1.4.6",
      "resolved": "http://registry.npm.taobao.org/rc-form/download/rc-form-1.4.6.tgz",
      "integrity": "sha1-ezB80JCyzh/jtwyO7xxwf/ApctQ="
    },
    "rc-hammerjs": {
      "version": "0.6.8",
      "resolved": "http://registry.npm.taobao.org/rc-hammerjs/download/rc-hammerjs-0.6.8.tgz",
      "integrity": "sha1-3FD6/zXszpqCKjONWSBqli4Joj0="
    },
    "rc-input-number": {
      "version": "3.6.4",
      "resolved": "http://registry.npm.taobao.org/rc-input-number/download/rc-input-number-3.6.4.tgz",
      "integrity": "sha1-2EzSYOHnanag6Vr6IRcDFTQoQGw="
    },
    "rc-menu": {
      "version": "5.0.10",
      "resolved": "http://registry.npm.taobao.org/rc-menu/download/rc-menu-5.0.10.tgz",
      "integrity": "sha1-JmzxLlhEuiYGcwuRmEItoE0QK34="
    },
    "rc-notification": {
      "version": "2.0.5",
      "resolved": "http://registry.npm.taobao.org/rc-notification/download/rc-notification-2.0.5.tgz",
      "integrity": "sha1-ksMAoSSsh66l97tv5XMHyb5K/dg="
    },
    "rc-pagination": {
      "version": "1.10.6",
      "resolved": "http://registry.npm.taobao.org/rc-pagination/download/rc-pagination-1.10.6.tgz",
      "integrity": "sha1-OWoh6CZYSsc5tcPBVJbe8dgMJxA="
    },
    "rc-progress": {
      "version": "2.1.2",
      "resolved": "http://registry.npm.taobao.org/rc-progress/download/rc-progress-2.1.2.tgz",
      "integrity": "sha1-0xzLFJmuIjwNIdFIVlCqSg03TOA="
    },
    "rc-rate": {
      "version": "2.1.1",
      "resolved": "http://registry.npm.taobao.org/rc-rate/download/rc-rate-2.1.1.tgz",
      "integrity": "sha1-iK7aiz1kcLuuT2UYxlKgKpWb3cU="
    },
    "rc-select": {
      "version": "6.8.9",
      "resolved": "http://registry.npm.taobao.org/rc-select/download/rc-select-6.8.9.tgz",
      "integrity": "sha1-+ikI58vVPZLT3b/r7O0r3DQxoOo=",
      "dependencies": {
        "warning": {
          "version": "2.1.0",
          "resolved": "http://registry.npm.taobao.org/warning/download/warning-2.1.0.tgz",
          "integrity": "sha1-ISINnGOvx3qMkhEeARr3Bc4MaQE="
        }
      }
    },
    "rc-slider": {
      "version": "8.2.0",
      "resolved": "http://registry.npm.taobao.org/rc-slider/download/rc-slider-8.2.0.tgz",
      "integrity": "sha1-rjfRcUTK1g4dpurA7k/8/qCwpug="
    },
    "rc-steps": {
      "version": "2.5.1",
      "resolved": "http://registry.npm.taobao.org/rc-steps/download/rc-steps-2.5.1.tgz",
      "integrity": "sha1-w5aa6j+5hM7Ll3pKlqtjTXVqbcQ="
    },
    "rc-switch": {
      "version": "1.5.2",
      "resolved": "http://registry.npm.taobao.org/rc-switch/download/rc-switch-1.5.2.tgz",
      "integrity": "sha1-/13HKR61ViIR9kSCyeP6qLjRD44="
    },
    "rc-table": {
      "version": "5.4.2",
      "resolved": "http://registry.npm.taobao.org/rc-table/download/rc-table-5.4.2.tgz",
      "integrity": "sha1-t8Ls/u6WK+3AuDAA41EsAk8uBOs=",
      "dependencies": {
        "shallowequal": {
          "version": "0.2.2",
          "resolved": "http://registry.npm.taobao.org/shallowequal/download/shallowequal-0.2.2.tgz",
          "integrity": "sha1-HjL9W8q2rWiKSBLLDMBO/HXHAU4="
        }
      }
    },
    "rc-tabs": {
      "version": "9.0.3",
      "resolved": "http://registry.npm.taobao.org/rc-tabs/download/rc-tabs-9.0.3.tgz",
      "integrity": "sha1-3uBqqMcfn+jcbEMCNehE3WxnGDM="
    },
    "rc-time-picker": {
      "version": "2.4.1",
      "resolved": "http://registry.npm.taobao.org/rc-time-picker/download/rc-time-picker-2.4.1.tgz",
      "integrity": "sha1-B049EgjogO2w2Zp7nMFbk1BdqMY="
    },
    "rc-tooltip": {
      "version": "3.4.8",
      "resolved": "http://registry.npm.taobao.org/rc-tooltip/download/rc-tooltip-3.4.8.tgz",
      "integrity": "sha1-SkIjdPV/OwD00ElBhjhQzt3STFY="
    },
    "rc-touchable": {
      "version": "1.2.3",
      "resolved": "http://registry.npm.taobao.org/rc-touchable/download/rc-touchable-1.2.3.tgz",
      "integrity": "sha1-X0mDJOPQubpgGpxINJWOqixxNhg="
    },
    "rc-tree": {
      "version": "1.7.1",
      "resolved": "http://registry.npm.taobao.org/rc-tree/download/rc-tree-1.7.1.tgz",
      "integrity": "sha1-u2WivGkmHNfaPLaC/HiUxC4HglY="
    },
    "rc-tree-select": {
      "version": "1.10.3",
      "resolved": "http://registry.npm.taobao.org/rc-tree-select/download/rc-tree-select-1.10.3.tgz",
      "integrity": "sha1-2MoUR0x8h5cI+qfjT82vquyH0Ns="
    },
    "rc-trigger": {
      "version": "1.11.3",
      "resolved": "http://registry.npm.taobao.org/rc-trigger/download/rc-trigger-1.11.3.tgz",
      "integrity": "sha1-R7i1jghjwid+NnuG8c+inrYS21Y="
    },
    "rc-upload": {
      "version": "2.3.8",
      "resolved": "http://registry.npm.taobao.org/rc-upload/download/rc-upload-2.3.8.tgz",
      "integrity": "sha1-6vNZE8/C3O0ZbdlCHfJT9QmjjiE=",
      "dependencies": {
        "warning": {
          "version": "2.1.0",
          "resolved": "http://registry.npm.taobao.org/warning/download/warning-2.1.0.tgz",
          "integrity": "sha1-ISINnGOvx3qMkhEeARr3Bc4MaQE="
        }
      }
    },
    "rc-util": {
      "version": "4.0.4",
      "resolved": "http://registry.npm.taobao.org/rc-util/download/rc-util-4.0.4.tgz",
      "integrity": "sha1-mYE92Qrufim2STmnCsF26tP0/zk=",
      "dependencies": {
        "shallowequal": {
          "version": "0.2.2",
          "resolved": "http://registry.npm.taobao.org/shallowequal/download/shallowequal-0.2.2.tgz",
          "integrity": "sha1-HjL9W8q2rWiKSBLLDMBO/HXHAU4="
        }
      }
    },
    "react": {
      "version": "15.6.1",
      "resolved": "http://registry.npm.taobao.org/react/download/react-15.6.1.tgz",
      "integrity": "sha1-uqhDTsZ4C96ZfNw4C3nNM7ljk98=",
      "dependencies": {
        "prop-types": {
          "version": "15.5.10",
          "resolved": "http://registry.npm.taobao.org/prop-types/download/prop-types-15.5.10.tgz",
          "integrity": "sha1-J5ffwxJhguOpXj37suiT3ddFYVQ="
        }
      }
    },
    "react-deep-force-update": {
      "version": "2.0.1",
      "resolved": "http://registry.npm.taobao.org/react-deep-force-update/download/react-deep-force-update-2.0.1.tgz",
      "integrity": "sha1-T39sEsPn3kLzRZkqPFGCNvoeytM=",
      "dev": true
    },
    "react-dom": {
      "version": "15.6.1",
      "resolved": "http://registry.npm.taobao.org/react-dom/download/react-dom-15.6.1.tgz",
      "integrity": "sha1-LLDtQZEDjlPCCes6eaI+Kkz5lHA=",
      "dependencies": {
        "prop-types": {
          "version": "15.5.10",
          "resolved": "http://registry.npm.taobao.org/prop-types/download/prop-types-15.5.10.tgz",
          "integrity": "sha1-J5ffwxJhguOpXj37suiT3ddFYVQ="
        }
      }
    },
    "react-helmet": {
      "version": "5.1.3",
      "resolved": "http://registry.npm.taobao.org/react-helmet/download/react-helmet-5.1.3.tgz",
      "integrity": "sha1-zUBiZZOinuz2hLbTjXEfRMSBiK8="
    },
    "react-hot-loader": {
      "version": "3.0.0-beta.7",
      "resolved": "http://registry.npm.taobao.org/react-hot-loader/download/react-hot-loader-3.0.0-beta.7.tgz",
      "integrity": "sha1-1YR7gWXXMcTVsw2G1dRxYieg+oM=",
      "dev": true
    },
    "react-lazy-load": {
      "version": "3.0.12",
      "resolved": "http://registry.npm.taobao.org/react-lazy-load/download/react-lazy-load-3.0.12.tgz",
      "integrity": "sha1-K4Qd/DIn6BGdAzGJ0slgzjhNDLk="
    },
    "react-loadable": {
      "version": "4.0.4",
      "resolved": "http://registry.npm.taobao.org/react-loadable/download/react-loadable-4.0.4.tgz",
      "integrity": "sha1-rpaDdynut/0NO7HcAdwAU6wUeHQ="
    },
    "react-proxy": {
      "version": "3.0.0-alpha.1",
      "resolved": "http://registry.npm.taobao.org/react-proxy/download/react-proxy-3.0.0-alpha.1.tgz",
      "integrity": "sha1-RABCa8+oDKpnJMd1VpUxUgn6Swc=",
      "dev": true
    },
    "react-redux": {
      "version": "5.0.5",
      "resolved": "http://registry.npm.taobao.org/react-redux/download/react-redux-5.0.5.tgz",
      "integrity": "sha1-+OjHsjlCJXblLWt9sGQ5RpvphGo="
    },
    "react-router": {
      "version": "4.1.2",
      "resolved": "http://registry.npm.taobao.org/react-router/download/react-router-4.1.2.tgz",
      "integrity": "sha1-euAnNBq8QusIrZ96jKwI0FY2cs4="
    },
    "react-router-dom": {
      "version": "4.1.2",
      "resolved": "http://registry.npm.taobao.org/react-router-dom/download/react-router-dom-4.1.2.tgz",
      "integrity": "sha1-f4p8qGjTKsrdGcoJVDtA0m347Dc="
    },
    "react-router-redux": {
      "version": "4.0.8",
      "resolved": "http://registry.npm.taobao.org/react-router-redux/download/react-router-redux-4.0.8.tgz",
      "integrity": "sha1-InQDWWtRUeGCN32rg1tdRfD4BU4="
    },
    "react-side-effect": {
      "version": "1.1.3",
      "resolved": "http://registry.npm.taobao.org/react-side-effect/download/react-side-effect-1.1.3.tgz",
      "integrity": "sha1-USwlq+DewXKDTEAB7FxR4E1BvFw="
    },
    "react-slick": {
      "version": "0.14.11",
      "resolved": "http://registry.npm.taobao.org/react-slick/download/react-slick-0.14.11.tgz",
      "integrity": "sha1-wsvb43KMZqL/SSm+ltRX4+oNgPM="
    },
    "react-tap-event-plugin": {
      "version": "2.0.1",
      "resolved": "http://registry.npm.taobao.org/react-tap-event-plugin/download/react-tap-event-plugin-2.0.1.tgz",
      "integrity": "sha1-MWvrO8ZVbinshppyk+icgmqQdNI="
    },
    "redbox-react": {
      "version": "1.4.3",
      "resolved": "http://registry.npm.taobao.org/redbox-react/download/redbox-react-1.4.3.tgz",
      "integrity": "sha1-UXRJh4Z+pGJ9WMyxsOXfWlrkDlc=",
      "dev": true,
      "dependencies": {
        "prop-types": {
          "version": "15.5.10",
          "resolved": "http://registry.npm.taobao.org/prop-types/download/prop-types-15.5.10.tgz",
          "integrity": "sha1-J5ffwxJhguOpXj37suiT3ddFYVQ=",
          "dev": true
        }
      }
    },
    "redux": {
      "version": "3.7.2",
      "resolved": "http://registry.npm.taobao.org/redux/download/redux-3.7.2.tgz",
      "integrity": "sha1-BrcxIyFZAdJdBlvjQusCa8HIU3s="
    },
    "redux-form": {
      "version": "6.8.0",
      "resolved": "http://registry.npm.taobao.org/redux-form/download/redux-form-6.8.0.tgz",
      "integrity": "sha1-/xtZC1n5h9fj/wgNdS9xIL/kKvM="
    },
    "redux-logger": {
      "version": "3.0.6",
      "resolved": "http://registry.npm.taobao.org/redux-logger/download/redux-logger-3.0.6.tgz",
      "integrity": "sha1-91VZZvMJjzyIYExEnPC69XeCdL8=",
      "dev": true
    },
    "redux-promise": {
      "version": "0.5.3",
      "resolved": "http://registry.npm.taobao.org/redux-promise/download/redux-promise-0.5.3.tgz",
      "integrity": "sha1-6X5snTvzdurLebq+bZBtogES1tg="
    },
    "redux-thunk": {
      "version": "2.2.0",
      "resolved": "http://registry.npm.taobao.org/redux-thunk/download/redux-thunk-2.2.0.tgz",
      "integrity": "sha1-5hWhbha0ehmlFXZhM9Hj6Zt4UuU="
    },
    "regenerator-runtime": {
      "version": "0.10.5",
      "resolved": "http://registry.npm.taobao.org/regenerator-runtime/download/regenerator-runtime-0.10.5.tgz",
      "integrity": "sha1-M2w+/BIgrc7dosn6tntaeVWjNlg="
    },
    "resolve-pathname": {
      "version": "2.1.0",
      "resolved": "http://registry.npm.taobao.org/resolve-pathname/download/resolve-pathname-2.1.0.tgz",
      "integrity": "sha1-6DWIAbhrg7F1YNTjw4LXrvIQCUQ="
    },
    "screenfull": {
      "version": "3.3.1",
      "resolved": "http://registry.npm.taobao.org/screenfull/download/screenfull-3.3.1.tgz",
      "integrity": "sha1-XuqIa0EgQ6+J4uXMRDP4lNDruQs="
    },
    "setimmediate": {
      "version": "1.0.5",
      "resolved": "http://registry.npm.taobao.org/setimmediate/download/setimmediate-1.0.5.tgz",
      "integrity": "sha1-KQy7Iy4waULX1+qbg3Mqt4VvgoU="
    },
    "shallow-equal": {
      "version": "1.0.0",
      "resolved": "http://registry.npm.taobao.org/shallow-equal/download/shallow-equal-1.0.0.tgz",
      "integrity": "sha1-UI0YOLPeWQq4dXsBGyXkMJAJRfc="
    },
    "shallowequal": {
      "version": "1.0.2",
      "resolved": "http://registry.npm.taobao.org/shallowequal/download/shallowequal-1.0.2.tgz",
      "integrity": "sha1-FWHb3vuMAUCBADGQhXZNo/z4P48="
    },
    "slick-carousel": {
      "version": "1.7.1",
      "resolved": "http://registry.npm.taobao.org/slick-carousel/download/slick-carousel-1.7.1.tgz",
      "integrity": "sha1-UfVIm7tSISVCzL6fQmifgYvSntI="
    },
    "source-map": {
      "version": "0.4.4",
      "resolved": "http://registry.npm.taobao.org/source-map/download/source-map-0.4.4.tgz",
      "integrity": "sha1-66T12pwNyZneaAMti092FzZSA2s=",
      "dev": true
    },
    "sourcemapped-stacktrace": {
      "version": "1.1.6",
      "resolved": "http://registry.npm.taobao.org/sourcemapped-stacktrace/download/sourcemapped-stacktrace-1.1.6.tgz",
      "integrity": "sha1-ES2HSclCw807Yw36yVFFd7hqOlE=",
      "dev": true,
      "dependencies": {
        "source-map": {
          "version": "0.5.6",
          "resolved": "http://registry.npm.taobao.org/source-map/download/source-map-0.5.6.tgz",
          "integrity": "sha1-dc449SvwczxafwwRjYEzSiu19BI=",
          "dev": true
        }
      }
    },
    "stackframe": {
      "version": "0.3.1",
      "resolved": "http://registry.npm.taobao.org/stackframe/download/stackframe-0.3.1.tgz",
      "integrity": "sha1-M6qE8Rd6VUjIk1Uzy/6zQgl19aQ=",
      "dev": true
    },
    "string-convert": {
      "version": "0.2.1",
      "resolved": "http://registry.npm.taobao.org/string-convert/download/string-convert-0.2.1.tgz",
      "integrity": "sha1-aYLMMEn7tM2F+LJFaLnZvznu/5c="
    },
    "symbol-observable": {
      "version": "1.0.4",
      "resolved": "http://registry.npm.taobao.org/symbol-observable/download/symbol-observable-1.0.4.tgz",
      "integrity": "sha1-Kb9hXUqnEhvdiYsi1LP5vE4qoD0="
    },
    "to-fast-properties": {
      "version": "1.0.3",
      "resolved": "http://registry.npm.taobao.org/to-fast-properties/download/to-fast-properties-1.0.3.tgz",
      "integrity": "sha1-uDVx+k2MJbguIxsG46MFXeTKGkc=",
      "dev": true
    },
    "ua-parser-js": {
      "version": "0.7.13",
      "resolved": "http://registry.npm.taobao.org/ua-parser-js/download/ua-parser-js-0.7.13.tgz",
      "integrity": "sha1-zZ3S+GSTs/RNvu7zeA/adMXuFL4="
    },
    "value-equal": {
      "version": "0.2.1",
      "resolved": "http://registry.npm.taobao.org/value-equal/download/value-equal-0.2.1.tgz",
      "integrity": "sha1-wiCjBDYfzmmU277ao8fhobiVhx0="
    },
    "warning": {
      "version": "3.0.0",
      "resolved": "http://registry.npm.taobao.org/warning/download/warning-3.0.0.tgz",
      "integrity": "sha1-MuU3fLVy3kqwR1O9+IIcAe1gW3w="
    },
    "webpack-require-weak": {
      "version": "1.0.1",
      "resolved": "http://registry.npm.taobao.org/webpack-require-weak/download/webpack-require-weak-1.0.1.tgz",
      "integrity": "sha1-pqjmCHG+u+WwhakVqwr2M6QSQz8="
    },
    "whatwg-fetch": {
      "version": "2.0.3",
      "resolved": "http://registry.npm.taobao.org/whatwg-fetch/download/whatwg-fetch-2.0.3.tgz",
      "integrity": "sha1-nITsLc9oGH/wC8ZOEnS0QhduHIQ="
    },
    "why-did-you-update": {
      "version": "0.0.8",
      "resolved": "http://registry.npm.taobao.org/why-did-you-update/download/why-did-you-update-0.0.8.tgz",
      "integrity": "sha1-OJ2X3WwUfh7byfXVRw1E2YXIrjg=",
      "dev": true,
      "dependencies": {
        "lodash": {
          "version": "4.12.0",
          "resolved": "http://registry.npm.taobao.org/lodash/download/lodash-4.12.0.tgz",
          "integrity": "sha1-K9bcRqBA9Z5obJcu0h2T3FkFMlg=",
          "dev": true
        }
      }
    }
  }
}
